// !$*UTF8*$!
{
	archiveVersion = 1;
	classes = {
	};
	objectVersion = 56;
	objects = {

/* Begin PBXBuildFile section */
		1E0B5CBD2993B476009BE44B /* UIImageExtensionsTests.swift in Sources */ = {isa = PBXBuildFile; fileRef = 1E0B5CBC2993B476009BE44B /* UIImageExtensionsTests.swift */; };
		1E0B5CBF2993B610009BE44B /* DateExtensions.swift in Sources */ = {isa = PBXBuildFile; fileRef = 1E0B5CBE2993B610009BE44B /* DateExtensions.swift */; };
		1E5A3AFF299165B200E4A750 /* AppDelegate.swift in Sources */ = {isa = PBXBuildFile; fileRef = 1E5A3AFE299165B200E4A750 /* AppDelegate.swift */; };
		1E5A3B03299165B200E4A750 /* PlantListViewController.swift in Sources */ = {isa = PBXBuildFile; fileRef = 1E5A3B02299165B200E4A750 /* PlantListViewController.swift */; };
		1E5A3B08299165B300E4A750 /* Assets.xcassets in Resources */ = {isa = PBXBuildFile; fileRef = 1E5A3B07299165B300E4A750 /* Assets.xcassets */; };
		1E5A3B0B299165B300E4A750 /* LaunchScreen.storyboard in Resources */ = {isa = PBXBuildFile; fileRef = 1E5A3B09299165B300E4A750 /* LaunchScreen.storyboard */; };
		1E5A3B13299166A500E4A750 /* ColorTheme.swift in Sources */ = {isa = PBXBuildFile; fileRef = 1E5A3B12299166A500E4A750 /* ColorTheme.swift */; };
		1E690ED529942E47006D8C28 /* MockCoreDataStack.swift in Sources */ = {isa = PBXBuildFile; fileRef = 1E690ED429942E47006D8C28 /* MockCoreDataStack.swift */; };
		1E690EDC299433C7006D8C28 /* CoreDataStackTests.swift in Sources */ = {isa = PBXBuildFile; fileRef = 1E690EDB299433C7006D8C28 /* CoreDataStackTests.swift */; };
		1E690EDE29943529006D8C28 /* MockPlantServiceDelegate.swift in Sources */ = {isa = PBXBuildFile; fileRef = 1E690EDD29943529006D8C28 /* MockPlantServiceDelegate.swift */; };
		1E7E7ACC2991A195004E7167 /* PlantModel.swift in Sources */ = {isa = PBXBuildFile; fileRef = 1E7E7ACB2991A195004E7167 /* PlantModel.swift */; };
		1E7E7ACF2991A2F9004E7167 /* PlantContainer.xcdatamodeld in Sources */ = {isa = PBXBuildFile; fileRef = 1E7E7ACD2991A2F9004E7167 /* PlantContainer.xcdatamodeld */; };
		1E7E7AD22991A35B004E7167 /* UIImageTransformer.swift in Sources */ = {isa = PBXBuildFile; fileRef = 1E7E7AD12991A35B004E7167 /* UIImageTransformer.swift */; };
		1E7E7AD42991A46E004E7167 /* Plant+CoreDataProperties.swift in Sources */ = {isa = PBXBuildFile; fileRef = 1E7E7AD32991A46E004E7167 /* Plant+CoreDataProperties.swift */; };
		1E7E7AD62991A576004E7167 /* CoreDataStack.swift in Sources */ = {isa = PBXBuildFile; fileRef = 1E7E7AD52991A576004E7167 /* CoreDataStack.swift */; };
		1E7E7AD92991A947004E7167 /* PlantService.swift in Sources */ = {isa = PBXBuildFile; fileRef = 1E7E7AD82991A947004E7167 /* PlantService.swift */; };
		1E7E7ADC2991B005004E7167 /* PlantListViewModel.swift in Sources */ = {isa = PBXBuildFile; fileRef = 1E7E7ADB2991B005004E7167 /* PlantListViewModel.swift */; };
		1E7E7ADE29924D90004E7167 /* AddPlantViewModel.swift in Sources */ = {isa = PBXBuildFile; fileRef = 1E7E7ADD29924D90004E7167 /* AddPlantViewModel.swift */; };
		1E7E7AE129924F0F004E7167 /* AddPlantViewController.swift in Sources */ = {isa = PBXBuildFile; fileRef = 1E7E7AE029924F0F004E7167 /* AddPlantViewController.swift */; };
		1E7E7AE4299252F1004E7167 /* AppRouter.swift in Sources */ = {isa = PBXBuildFile; fileRef = 1E7E7AE3299252F1004E7167 /* AppRouter.swift */; };
		1E7E7AE729926E5E004E7167 /* PlantTableViewCell.swift in Sources */ = {isa = PBXBuildFile; fileRef = 1E7E7AE629926E5E004E7167 /* PlantTableViewCell.swift */; };
		1E7E7AE929927A1E004E7167 /* EditPlantViewController.swift in Sources */ = {isa = PBXBuildFile; fileRef = 1E7E7AE829927A1E004E7167 /* EditPlantViewController.swift */; };
		1E7E7AEB29927A38004E7167 /* EditPlantViewModel.swift in Sources */ = {isa = PBXBuildFile; fileRef = 1E7E7AEA29927A38004E7167 /* EditPlantViewModel.swift */; };
		1E7E7AEE29928AB4004E7167 /* Date+Extensions.swift in Sources */ = {isa = PBXBuildFile; fileRef = 1E7E7AED29928AB4004E7167 /* Date+Extensions.swift */; };
		1E7E7AF02992B1A7004E7167 /* UIViewController+Extensions.swift in Sources */ = {isa = PBXBuildFile; fileRef = 1E7E7AEF2992B1A7004E7167 /* UIViewController+Extensions.swift */; };
		1E7E7AF22992D81B004E7167 /* UIImage+Extensions.swift in Sources */ = {isa = PBXBuildFile; fileRef = 1E7E7AF12992D81B004E7167 /* UIImage+Extensions.swift */; };
		1EDB1C402993A474005A1CF3 /* NotificationService.swift in Sources */ = {isa = PBXBuildFile; fileRef = 1EDB1C3F2993A474005A1CF3 /* NotificationService.swift */; };
		1EDB1C422993A76D005A1CF3 /* NSManagedObjectID+Extensions.swift in Sources */ = {isa = PBXBuildFile; fileRef = 1EDB1C412993A76D005A1CF3 /* NSManagedObjectID+Extensions.swift */; };
/* End PBXBuildFile section */

/* Begin PBXContainerItemProxy section */
		1E0B5CB62993B450009BE44B /* PBXContainerItemProxy */ = {
			isa = PBXContainerItemProxy;
			containerPortal = 1E5A3AF3299165B200E4A750 /* Project object */;
			proxyType = 1;
			remoteGlobalIDString = 1E5A3AFA299165B200E4A750;
			remoteInfo = Waterminder;
		};
/* End PBXContainerItemProxy section */

/* Begin PBXFileReference section */
		1E0B5CB22993B450009BE44B /* WaterminderTests.xctest */ = {isa = PBXFileReference; explicitFileType = wrapper.cfbundle; includeInIndex = 0; path = WaterminderTests.xctest; sourceTree = BUILT_PRODUCTS_DIR; };
		1E0B5CBC2993B476009BE44B /* UIImageExtensionsTests.swift */ = {isa = PBXFileReference; lastKnownFileType = sourcecode.swift; path = UIImageExtensionsTests.swift; sourceTree = "<group>"; };
		1E0B5CBE2993B610009BE44B /* DateExtensions.swift */ = {isa = PBXFileReference; lastKnownFileType = sourcecode.swift; path = DateExtensions.swift; sourceTree = "<group>"; };
		1E5A3AFB299165B200E4A750 /* Waterminder.app */ = {isa = PBXFileReference; explicitFileType = wrapper.application; includeInIndex = 0; path = Waterminder.app; sourceTree = BUILT_PRODUCTS_DIR; };
		1E5A3AFE299165B200E4A750 /* AppDelegate.swift */ = {isa = PBXFileReference; lastKnownFileType = sourcecode.swift; path = AppDelegate.swift; sourceTree = "<group>"; };
		1E5A3B02299165B200E4A750 /* PlantListViewController.swift */ = {isa = PBXFileReference; lastKnownFileType = sourcecode.swift; path = PlantListViewController.swift; sourceTree = "<group>"; };
		1E5A3B07299165B300E4A750 /* Assets.xcassets */ = {isa = PBXFileReference; lastKnownFileType = folder.assetcatalog; path = Assets.xcassets; sourceTree = "<group>"; };
		1E5A3B0A299165B300E4A750 /* Base */ = {isa = PBXFileReference; lastKnownFileType = file.storyboard; name = Base; path = Base.lproj/LaunchScreen.storyboard; sourceTree = "<group>"; };
		1E5A3B0C299165B300E4A750 /* Info.plist */ = {isa = PBXFileReference; lastKnownFileType = text.plist.xml; path = Info.plist; sourceTree = "<group>"; };
		1E5A3B12299166A500E4A750 /* ColorTheme.swift */ = {isa = PBXFileReference; lastKnownFileType = sourcecode.swift; path = ColorTheme.swift; sourceTree = "<group>"; };
		1E690ED429942E47006D8C28 /* MockCoreDataStack.swift */ = {isa = PBXFileReference; lastKnownFileType = sourcecode.swift; path = MockCoreDataStack.swift; sourceTree = "<group>"; };
		1E690EDB299433C7006D8C28 /* CoreDataStackTests.swift */ = {isa = PBXFileReference; lastKnownFileType = sourcecode.swift; path = CoreDataStackTests.swift; sourceTree = "<group>"; };
		1E690EDD29943529006D8C28 /* MockPlantServiceDelegate.swift */ = {isa = PBXFileReference; lastKnownFileType = sourcecode.swift; path = MockPlantServiceDelegate.swift; sourceTree = "<group>"; };
		1E7E7ACB2991A195004E7167 /* PlantModel.swift */ = {isa = PBXFileReference; lastKnownFileType = sourcecode.swift; path = PlantModel.swift; sourceTree = "<group>"; };
		1E7E7ACE2991A2F9004E7167 /* PlantContainer.xcdatamodel */ = {isa = PBXFileReference; lastKnownFileType = wrapper.xcdatamodel; path = PlantContainer.xcdatamodel; sourceTree = "<group>"; };
		1E7E7AD12991A35B004E7167 /* UIImageTransformer.swift */ = {isa = PBXFileReference; lastKnownFileType = sourcecode.swift; path = UIImageTransformer.swift; sourceTree = "<group>"; };
		1E7E7AD32991A46E004E7167 /* Plant+CoreDataProperties.swift */ = {isa = PBXFileReference; lastKnownFileType = sourcecode.swift; path = "Plant+CoreDataProperties.swift"; sourceTree = "<group>"; };
		1E7E7AD52991A576004E7167 /* CoreDataStack.swift */ = {isa = PBXFileReference; lastKnownFileType = sourcecode.swift; path = CoreDataStack.swift; sourceTree = "<group>"; };
		1E7E7AD82991A947004E7167 /* PlantService.swift */ = {isa = PBXFileReference; lastKnownFileType = sourcecode.swift; path = PlantService.swift; sourceTree = "<group>"; };
		1E7E7ADB2991B005004E7167 /* PlantListViewModel.swift */ = {isa = PBXFileReference; lastKnownFileType = sourcecode.swift; path = PlantListViewModel.swift; sourceTree = "<group>"; };
		1E7E7ADD29924D90004E7167 /* AddPlantViewModel.swift */ = {isa = PBXFileReference; lastKnownFileType = sourcecode.swift; path = AddPlantViewModel.swift; sourceTree = "<group>"; };
		1E7E7AE029924F0F004E7167 /* AddPlantViewController.swift */ = {isa = PBXFileReference; lastKnownFileType = sourcecode.swift; path = AddPlantViewController.swift; sourceTree = "<group>"; };
		1E7E7AE3299252F1004E7167 /* AppRouter.swift */ = {isa = PBXFileReference; lastKnownFileType = sourcecode.swift; path = AppRouter.swift; sourceTree = "<group>"; };
		1E7E7AE629926E5E004E7167 /* PlantTableViewCell.swift */ = {isa = PBXFileReference; lastKnownFileType = sourcecode.swift; path = PlantTableViewCell.swift; sourceTree = "<group>"; };
		1E7E7AE829927A1E004E7167 /* EditPlantViewController.swift */ = {isa = PBXFileReference; lastKnownFileType = sourcecode.swift; path = EditPlantViewController.swift; sourceTree = "<group>"; };
		1E7E7AEA29927A38004E7167 /* EditPlantViewModel.swift */ = {isa = PBXFileReference; lastKnownFileType = sourcecode.swift; path = EditPlantViewModel.swift; sourceTree = "<group>"; };
		1E7E7AED29928AB4004E7167 /* Date+Extensions.swift */ = {isa = PBXFileReference; lastKnownFileType = sourcecode.swift; path = "Date+Extensions.swift"; sourceTree = "<group>"; };
		1E7E7AEF2992B1A7004E7167 /* UIViewController+Extensions.swift */ = {isa = PBXFileReference; lastKnownFileType = sourcecode.swift; path = "UIViewController+Extensions.swift"; sourceTree = "<group>"; };
		1E7E7AF12992D81B004E7167 /* UIImage+Extensions.swift */ = {isa = PBXFileReference; lastKnownFileType = sourcecode.swift; path = "UIImage+Extensions.swift"; sourceTree = "<group>"; };
		1EDB1C3F2993A474005A1CF3 /* NotificationService.swift */ = {isa = PBXFileReference; lastKnownFileType = sourcecode.swift; path = NotificationService.swift; sourceTree = "<group>"; };
		1EDB1C412993A76D005A1CF3 /* NSManagedObjectID+Extensions.swift */ = {isa = PBXFileReference; lastKnownFileType = sourcecode.swift; path = "NSManagedObjectID+Extensions.swift"; sourceTree = "<group>"; };
/* End PBXFileReference section */

/* Begin PBXFrameworksBuildPhase section */
		1E0B5CAF2993B450009BE44B /* Frameworks */ = {
			isa = PBXFrameworksBuildPhase;
			buildActionMask = 2147483647;
			files = (
			);
			runOnlyForDeploymentPostprocessing = 0;
		};
		1E5A3AF8299165B200E4A750 /* Frameworks */ = {
			isa = PBXFrameworksBuildPhase;
			buildActionMask = 2147483647;
			files = (
			);
			runOnlyForDeploymentPostprocessing = 0;
		};
/* End PBXFrameworksBuildPhase section */

/* Begin PBXGroup section */
		1E0B5CAB2993B3D7009BE44B /* Utils */ = {
			isa = PBXGroup;
			children = (
				1E7E7AD02991A34B004E7167 /* CoreDataManagment */,
				1E7E7AD72991A93F004E7167 /* Services */,
				1E5A3B12299166A500E4A750 /* ColorTheme.swift */,
			);
			path = Utils;
			sourceTree = "<group>";
		};
		1E0B5CB32993B450009BE44B /* WaterminderTests */ = {
			isa = PBXGroup;
			children = (
				1E690ED8299433AA006D8C28 /* CoreDataTests */,
				1E690ED429942E47006D8C28 /* MockCoreDataStack.swift */,
				1E0B5CBB2993B459009BE44B /* ExtensionsTests */,
			);
			path = WaterminderTests;
			sourceTree = "<group>";
		};
		1E0B5CBB2993B459009BE44B /* ExtensionsTests */ = {
			isa = PBXGroup;
			children = (
				1E0B5CBC2993B476009BE44B /* UIImageExtensionsTests.swift */,
				1E0B5CBE2993B610009BE44B /* DateExtensions.swift */,
			);
			path = ExtensionsTests;
			sourceTree = "<group>";
		};
		1E5A3AF2299165B200E4A750 = {
			isa = PBXGroup;
			children = (
				1E5A3AFD299165B200E4A750 /* Waterminder */,
				1E0B5CB32993B450009BE44B /* WaterminderTests */,
				1E5A3AFC299165B200E4A750 /* Products */,
			);
			sourceTree = "<group>";
		};
		1E5A3AFC299165B200E4A750 /* Products */ = {
			isa = PBXGroup;
			children = (
				1E5A3AFB299165B200E4A750 /* Waterminder.app */,
				1E0B5CB22993B450009BE44B /* WaterminderTests.xctest */,
			);
			name = Products;
			sourceTree = "<group>";
		};
		1E5A3AFD299165B200E4A750 /* Waterminder */ = {
			isa = PBXGroup;
			children = (
				1E0B5CAB2993B3D7009BE44B /* Utils */,
				1E7E7AEC29928AAE004E7167 /* Extensions */,
				1E5A3B1D2991712C00E4A750 /* Core */,
				1E5A3AFE299165B200E4A750 /* AppDelegate.swift */,
				1E5A3B07299165B300E4A750 /* Assets.xcassets */,
				1E5A3B09299165B300E4A750 /* LaunchScreen.storyboard */,
				1E5A3B0C299165B300E4A750 /* Info.plist */,
			);
			path = Waterminder;
			sourceTree = "<group>";
		};
		1E5A3B1D2991712C00E4A750 /* Core */ = {
			isa = PBXGroup;
			children = (
				1E7E7AE529926E56004E7167 /* Views */,
				1E7E7AE2299252EC004E7167 /* Router */,
				1E7E7ADF29924F02004E7167 /* Controllers */,
				1E7E7ADA2991AFFE004E7167 /* ViewModels */,
				1E7E7ACA2991A18C004E7167 /* Model */,
			);
			path = Core;
			sourceTree = "<group>";
		};
		1E690ED8299433AA006D8C28 /* CoreDataTests */ = {
			isa = PBXGroup;
			children = (
				1E690EDB299433C7006D8C28 /* CoreDataStackTests.swift */,
				1E690EDD29943529006D8C28 /* MockPlantServiceDelegate.swift */,
			);
			path = CoreDataTests;
			sourceTree = "<group>";
		};
		1E7E7ACA2991A18C004E7167 /* Model */ = {
			isa = PBXGroup;
			children = (
				1E7E7ACB2991A195004E7167 /* PlantModel.swift */,
			);
			path = Model;
			sourceTree = "<group>";
		};
		1E7E7AD02991A34B004E7167 /* CoreDataManagment */ = {
			isa = PBXGroup;
			children = (
				1E7E7AD12991A35B004E7167 /* UIImageTransformer.swift */,
				1E7E7ACD2991A2F9004E7167 /* PlantContainer.xcdatamodeld */,
				1E7E7AD32991A46E004E7167 /* Plant+CoreDataProperties.swift */,
				1E7E7AD52991A576004E7167 /* CoreDataStack.swift */,
			);
			path = CoreDataManagment;
			sourceTree = "<group>";
		};
		1E7E7AD72991A93F004E7167 /* Services */ = {
			isa = PBXGroup;
			children = (
				1E7E7AD82991A947004E7167 /* PlantService.swift */,
				1EDB1C3F2993A474005A1CF3 /* NotificationService.swift */,
			);
			path = Services;
			sourceTree = "<group>";
		};
		1E7E7ADA2991AFFE004E7167 /* ViewModels */ = {
			isa = PBXGroup;
			children = (
				1E7E7ADB2991B005004E7167 /* PlantListViewModel.swift */,
				1E7E7ADD29924D90004E7167 /* AddPlantViewModel.swift */,
				1E7E7AEA29927A38004E7167 /* EditPlantViewModel.swift */,
			);
			path = ViewModels;
			sourceTree = "<group>";
		};
		1E7E7ADF29924F02004E7167 /* Controllers */ = {
			isa = PBXGroup;
			children = (
				1E5A3B02299165B200E4A750 /* PlantListViewController.swift */,
				1E7E7AE029924F0F004E7167 /* AddPlantViewController.swift */,
				1E7E7AE829927A1E004E7167 /* EditPlantViewController.swift */,
			);
			path = Controllers;
			sourceTree = "<group>";
		};
		1E7E7AE2299252EC004E7167 /* Router */ = {
			isa = PBXGroup;
			children = (
				1E7E7AE3299252F1004E7167 /* AppRouter.swift */,
			);
			path = Router;
			sourceTree = "<group>";
		};
		1E7E7AE529926E56004E7167 /* Views */ = {
			isa = PBXGroup;
			children = (
				1E7E7AE629926E5E004E7167 /* PlantTableViewCell.swift */,
			);
			path = Views;
			sourceTree = "<group>";
		};
		1E7E7AEC29928AAE004E7167 /* Extensions */ = {
			isa = PBXGroup;
			children = (
				1E7E7AED29928AB4004E7167 /* Date+Extensions.swift */,
				1E7E7AEF2992B1A7004E7167 /* UIViewController+Extensions.swift */,
				1E7E7AF12992D81B004E7167 /* UIImage+Extensions.swift */,
				1EDB1C412993A76D005A1CF3 /* NSManagedObjectID+Extensions.swift */,
			);
			path = Extensions;
			sourceTree = "<group>";
		};
/* End PBXGroup section */

/* Begin PBXNativeTarget section */
		1E0B5CB12993B450009BE44B /* WaterminderTests */ = {
			isa = PBXNativeTarget;
			buildConfigurationList = 1E0B5CB82993B450009BE44B /* Build configuration list for PBXNativeTarget "WaterminderTests" */;
			buildPhases = (
				1E0B5CAE2993B450009BE44B /* Sources */,
				1E0B5CAF2993B450009BE44B /* Frameworks */,
				1E0B5CB02993B450009BE44B /* Resources */,
			);
			buildRules = (
			);
			dependencies = (
				1E0B5CB72993B450009BE44B /* PBXTargetDependency */,
			);
			name = WaterminderTests;
			productName = WaterminderTests;
			productReference = 1E0B5CB22993B450009BE44B /* WaterminderTests.xctest */;
			productType = "com.apple.product-type.bundle.unit-test";
		};
		1E5A3AFA299165B200E4A750 /* Waterminder */ = {
			isa = PBXNativeTarget;
			buildConfigurationList = 1E5A3B0F299165B300E4A750 /* Build configuration list for PBXNativeTarget "Waterminder" */;
			buildPhases = (
				1E5A3AF7299165B200E4A750 /* Sources */,
				1E5A3AF8299165B200E4A750 /* Frameworks */,
				1E5A3AF9299165B200E4A750 /* Resources */,
			);
			buildRules = (
			);
			dependencies = (
			);
			name = Waterminder;
			productName = Waterminder;
			productReference = 1E5A3AFB299165B200E4A750 /* Waterminder.app */;
			productType = "com.apple.product-type.application";
		};
/* End PBXNativeTarget section */

/* Begin PBXProject section */
		1E5A3AF3299165B200E4A750 /* Project object */ = {
			isa = PBXProject;
			attributes = {
				BuildIndependentTargetsInParallel = 1;
				LastSwiftUpdateCheck = 1400;
				LastUpgradeCheck = 1400;
				TargetAttributes = {
					1E0B5CB12993B450009BE44B = {
						CreatedOnToolsVersion = 14.0;
						TestTargetID = 1E5A3AFA299165B200E4A750;
					};
					1E5A3AFA299165B200E4A750 = {
						CreatedOnToolsVersion = 14.0;
					};
				};
			};
			buildConfigurationList = 1E5A3AF6299165B200E4A750 /* Build configuration list for PBXProject "Waterminder" */;
			compatibilityVersion = "Xcode 14.0";
			developmentRegion = en;
			hasScannedForEncodings = 0;
			knownRegions = (
				en,
				Base,
			);
			mainGroup = 1E5A3AF2299165B200E4A750;
			productRefGroup = 1E5A3AFC299165B200E4A750 /* Products */;
			projectDirPath = "";
			projectRoot = "";
			targets = (
				1E5A3AFA299165B200E4A750 /* Waterminder */,
				1E0B5CB12993B450009BE44B /* WaterminderTests */,
			);
		};
/* End PBXProject section */

/* Begin PBXResourcesBuildPhase section */
		1E0B5CB02993B450009BE44B /* Resources */ = {
			isa = PBXResourcesBuildPhase;
			buildActionMask = 2147483647;
			files = (
			);
			runOnlyForDeploymentPostprocessing = 0;
		};
		1E5A3AF9299165B200E4A750 /* Resources */ = {
			isa = PBXResourcesBuildPhase;
			buildActionMask = 2147483647;
			files = (
				1E5A3B0B299165B300E4A750 /* LaunchScreen.storyboard in Resources */,
				1E5A3B08299165B300E4A750 /* Assets.xcassets in Resources */,
			);
			runOnlyForDeploymentPostprocessing = 0;
		};
/* End PBXResourcesBuildPhase section */

/* Begin PBXSourcesBuildPhase section */
		1E0B5CAE2993B450009BE44B /* Sources */ = {
			isa = PBXSourcesBuildPhase;
			buildActionMask = 2147483647;
			files = (
				1E690EDE29943529006D8C28 /* MockPlantServiceDelegate.swift in Sources */,
				1E0B5CBD2993B476009BE44B /* UIImageExtensionsTests.swift in Sources */,
				1E690ED529942E47006D8C28 /* MockCoreDataStack.swift in Sources */,
				1E690EDC299433C7006D8C28 /* CoreDataStackTests.swift in Sources */,
				1E0B5CBF2993B610009BE44B /* DateExtensions.swift in Sources */,
			);
			runOnlyForDeploymentPostprocessing = 0;
		};
		1E5A3AF7299165B200E4A750 /* Sources */ = {
			isa = PBXSourcesBuildPhase;
			buildActionMask = 2147483647;
			files = (
				1E5A3B13299166A500E4A750 /* ColorTheme.swift in Sources */,
				1E5A3B03299165B200E4A750 /* PlantListViewController.swift in Sources */,
				1E5A3AFF299165B200E4A750 /* AppDelegate.swift in Sources */,
				1E7E7AD42991A46E004E7167 /* Plant+CoreDataProperties.swift in Sources */,
				1E7E7AF02992B1A7004E7167 /* UIViewController+Extensions.swift in Sources */,
				1E7E7AEB29927A38004E7167 /* EditPlantViewModel.swift in Sources */,
				1E7E7ACC2991A195004E7167 /* PlantModel.swift in Sources */,
				1E7E7ADC2991B005004E7167 /* PlantListViewModel.swift in Sources */,
				1EDB1C402993A474005A1CF3 /* NotificationService.swift in Sources */,
				1EDB1C422993A76D005A1CF3 /* NSManagedObjectID+Extensions.swift in Sources */,
				1E7E7AE129924F0F004E7167 /* AddPlantViewController.swift in Sources */,
				1E7E7AD92991A947004E7167 /* PlantService.swift in Sources */,
				1E7E7AE929927A1E004E7167 /* EditPlantViewController.swift in Sources */,
				1E7E7AD62991A576004E7167 /* CoreDataStack.swift in Sources */,
				1E7E7AEE29928AB4004E7167 /* Date+Extensions.swift in Sources */,
				1E7E7AE729926E5E004E7167 /* PlantTableViewCell.swift in Sources */,
				1E7E7ACF2991A2F9004E7167 /* PlantContainer.xcdatamodeld in Sources */,
				1E7E7AE4299252F1004E7167 /* AppRouter.swift in Sources */,
				1E7E7AF22992D81B004E7167 /* UIImage+Extensions.swift in Sources */,
				1E7E7ADE29924D90004E7167 /* AddPlantViewModel.swift in Sources */,
				1E7E7AD22991A35B004E7167 /* UIImageTransformer.swift in Sources */,
			);
			runOnlyForDeploymentPostprocessing = 0;
		};
/* End PBXSourcesBuildPhase section */

/* Begin PBXTargetDependency section */
		1E0B5CB72993B450009BE44B /* PBXTargetDependency */ = {
			isa = PBXTargetDependency;
			target = 1E5A3AFA299165B200E4A750 /* Waterminder */;
			targetProxy = 1E0B5CB62993B450009BE44B /* PBXContainerItemProxy */;
		};
/* End PBXTargetDependency section */

/* Begin PBXVariantGroup section */
		1E5A3B09299165B300E4A750 /* LaunchScreen.storyboard */ = {
			isa = PBXVariantGroup;
			children = (
				1E5A3B0A299165B300E4A750 /* Base */,
			);
			name = LaunchScreen.storyboard;
			sourceTree = "<group>";
		};
/* End PBXVariantGroup section */

/* Begin XCBuildConfiguration section */
		1E0B5CB92993B450009BE44B /* Debug */ = {
			isa = XCBuildConfiguration;
			buildSettings = {
				BUNDLE_LOADER = "$(TEST_HOST)";
				CODE_SIGN_STYLE = Automatic;
				CURRENT_PROJECT_VERSION = 1;
				DEVELOPMENT_TEAM = FU45F4SL37;
				GENERATE_INFOPLIST_FILE = YES;
				MARKETING_VERSION = 1.0;
				PRODUCT_BUNDLE_IDENTIFIER = com.ogrodowskitomasz.WaterminderTests;
				PRODUCT_NAME = "$(TARGET_NAME)";
				SWIFT_EMIT_LOC_STRINGS = NO;
				SWIFT_VERSION = 5.0;
				TARGETED_DEVICE_FAMILY = "1,2";
				TEST_HOST = "$(BUILT_PRODUCTS_DIR)/Waterminder.app/$(BUNDLE_EXECUTABLE_FOLDER_PATH)/Waterminder";
			};
			name = Debug;
		};
		1E0B5CBA2993B450009BE44B /* Release */ = {
			isa = XCBuildConfiguration;
			buildSettings = {
				BUNDLE_LOADER = "$(TEST_HOST)";
				CODE_SIGN_STYLE = Automatic;
				CURRENT_PROJECT_VERSION = 1;
				DEVELOPMENT_TEAM = FU45F4SL37;
				GENERATE_INFOPLIST_FILE = YES;
				MARKETING_VERSION = 1.0;
				PRODUCT_BUNDLE_IDENTIFIER = com.ogrodowskitomasz.WaterminderTests;
				PRODUCT_NAME = "$(TARGET_NAME)";
				SWIFT_EMIT_LOC_STRINGS = NO;
				SWIFT_VERSION = 5.0;
				TARGETED_DEVICE_FAMILY = "1,2";
				TEST_HOST = "$(BUILT_PRODUCTS_DIR)/Waterminder.app/$(BUNDLE_EXECUTABLE_FOLDER_PATH)/Waterminder";
			};
			name = Release;
		};
		1E5A3B0D299165B300E4A750 /* Debug */ = {
			isa = XCBuildConfiguration;
			buildSettings = {
				ALWAYS_SEARCH_USER_PATHS = NO;
				CLANG_ANALYZER_NONNULL = YES;
				CLANG_ANALYZER_NUMBER_OBJECT_CONVERSION = YES_AGGRESSIVE;
				CLANG_CXX_LANGUAGE_STANDARD = "gnu++20";
				CLANG_ENABLE_MODULES = YES;
				CLANG_ENABLE_OBJC_ARC = YES;
				CLANG_ENABLE_OBJC_WEAK = YES;
				CLANG_WARN_BLOCK_CAPTURE_AUTORELEASING = YES;
				CLANG_WARN_BOOL_CONVERSION = YES;
				CLANG_WARN_COMMA = YES;
				CLANG_WARN_CONSTANT_CONVERSION = YES;
				CLANG_WARN_DEPRECATED_OBJC_IMPLEMENTATIONS = YES;
				CLANG_WARN_DIRECT_OBJC_ISA_USAGE = YES_ERROR;
				CLANG_WARN_DOCUMENTATION_COMMENTS = YES;
				CLANG_WARN_EMPTY_BODY = YES;
				CLANG_WARN_ENUM_CONVERSION = YES;
				CLANG_WARN_INFINITE_RECURSION = YES;
				CLANG_WARN_INT_CONVERSION = YES;
				CLANG_WARN_NON_LITERAL_NULL_CONVERSION = YES;
				CLANG_WARN_OBJC_IMPLICIT_RETAIN_SELF = YES;
				CLANG_WARN_OBJC_LITERAL_CONVERSION = YES;
				CLANG_WARN_OBJC_ROOT_CLASS = YES_ERROR;
				CLANG_WARN_QUOTED_INCLUDE_IN_FRAMEWORK_HEADER = YES;
				CLANG_WARN_RANGE_LOOP_ANALYSIS = YES;
				CLANG_WARN_STRICT_PROTOTYPES = YES;
				CLANG_WARN_SUSPICIOUS_MOVE = YES;
				CLANG_WARN_UNGUARDED_AVAILABILITY = YES_AGGRESSIVE;
				CLANG_WARN_UNREACHABLE_CODE = YES;
				CLANG_WARN__DUPLICATE_METHOD_MATCH = YES;
				COPY_PHASE_STRIP = NO;
				DEBUG_INFORMATION_FORMAT = dwarf;
				ENABLE_STRICT_OBJC_MSGSEND = YES;
				ENABLE_TESTABILITY = YES;
				GCC_C_LANGUAGE_STANDARD = gnu11;
				GCC_DYNAMIC_NO_PIC = NO;
				GCC_NO_COMMON_BLOCKS = YES;
				GCC_OPTIMIZATION_LEVEL = 0;
				GCC_PREPROCESSOR_DEFINITIONS = (
					"DEBUG=1",
					"$(inherited)",
				);
				GCC_WARN_64_TO_32_BIT_CONVERSION = YES;
				GCC_WARN_ABOUT_RETURN_TYPE = YES_ERROR;
				GCC_WARN_UNDECLARED_SELECTOR = YES;
				GCC_WARN_UNINITIALIZED_AUTOS = YES_AGGRESSIVE;
				GCC_WARN_UNUSED_FUNCTION = YES;
				GCC_WARN_UNUSED_VARIABLE = YES;
				IPHONEOS_DEPLOYMENT_TARGET = 16.0;
				MTL_ENABLE_DEBUG_INFO = INCLUDE_SOURCE;
				MTL_FAST_MATH = YES;
				ONLY_ACTIVE_ARCH = YES;
				SDKROOT = iphoneos;
				SWIFT_ACTIVE_COMPILATION_CONDITIONS = DEBUG;
				SWIFT_OPTIMIZATION_LEVEL = "-Onone";
			};
			name = Debug;
		};
		1E5A3B0E299165B300E4A750 /* Release */ = {
			isa = XCBuildConfiguration;
			buildSettings = {
				ALWAYS_SEARCH_USER_PATHS = NO;
				CLANG_ANALYZER_NONNULL = YES;
				CLANG_ANALYZER_NUMBER_OBJECT_CONVERSION = YES_AGGRESSIVE;
				CLANG_CXX_LANGUAGE_STANDARD = "gnu++20";
				CLANG_ENABLE_MODULES = YES;
				CLANG_ENABLE_OBJC_ARC = YES;
				CLANG_ENABLE_OBJC_WEAK = YES;
				CLANG_WARN_BLOCK_CAPTURE_AUTORELEASING = YES;
				CLANG_WARN_BOOL_CONVERSION = YES;
				CLANG_WARN_COMMA = YES;
				CLANG_WARN_CONSTANT_CONVERSION = YES;
				CLANG_WARN_DEPRECATED_OBJC_IMPLEMENTATIONS = YES;
				CLANG_WARN_DIRECT_OBJC_ISA_USAGE = YES_ERROR;
				CLANG_WARN_DOCUMENTATION_COMMENTS = YES;
				CLANG_WARN_EMPTY_BODY = YES;
				CLANG_WARN_ENUM_CONVERSION = YES;
				CLANG_WARN_INFINITE_RECURSION = YES;
				CLANG_WARN_INT_CONVERSION = YES;
				CLANG_WARN_NON_LITERAL_NULL_CONVERSION = YES;
				CLANG_WARN_OBJC_IMPLICIT_RETAIN_SELF = YES;
				CLANG_WARN_OBJC_LITERAL_CONVERSION = YES;
				CLANG_WARN_OBJC_ROOT_CLASS = YES_ERROR;
				CLANG_WARN_QUOTED_INCLUDE_IN_FRAMEWORK_HEADER = YES;
				CLANG_WARN_RANGE_LOOP_ANALYSIS = YES;
				CLANG_WARN_STRICT_PROTOTYPES = YES;
				CLANG_WARN_SUSPICIOUS_MOVE = YES;
				CLANG_WARN_UNGUARDED_AVAILABILITY = YES_AGGRESSIVE;
				CLANG_WARN_UNREACHABLE_CODE = YES;
				CLANG_WARN__DUPLICATE_METHOD_MATCH = YES;
				COPY_PHASE_STRIP = NO;
				DEBUG_INFORMATION_FORMAT = "dwarf-with-dsym";
				ENABLE_NS_ASSERTIONS = NO;
				ENABLE_STRICT_OBJC_MSGSEND = YES;
				GCC_C_LANGUAGE_STANDARD = gnu11;
				GCC_NO_COMMON_BLOCKS = YES;
				GCC_WARN_64_TO_32_BIT_CONVERSION = YES;
				GCC_WARN_ABOUT_RETURN_TYPE = YES_ERROR;
				GCC_WARN_UNDECLARED_SELECTOR = YES;
				GCC_WARN_UNINITIALIZED_AUTOS = YES_AGGRESSIVE;
				GCC_WARN_UNUSED_FUNCTION = YES;
				GCC_WARN_UNUSED_VARIABLE = YES;
				IPHONEOS_DEPLOYMENT_TARGET = 16.0;
				MTL_ENABLE_DEBUG_INFO = NO;
				MTL_FAST_MATH = YES;
				SDKROOT = iphoneos;
				SWIFT_COMPILATION_MODE = wholemodule;
				SWIFT_OPTIMIZATION_LEVEL = "-O";
				VALIDATE_PRODUCT = YES;
			};
			name = Release;
		};
		1E5A3B10299165B300E4A750 /* Debug */ = {
			isa = XCBuildConfiguration;
			buildSettings = {
				ASSETCATALOG_COMPILER_APPICON_NAME = AppIcon;
				ASSETCATALOG_COMPILER_GLOBAL_ACCENT_COLOR_NAME = AccentColor;
				CODE_SIGN_STYLE = Automatic;
				CURRENT_PROJECT_VERSION = 1;
				DEVELOPMENT_TEAM = FU45F4SL37;
				GENERATE_INFOPLIST_FILE = YES;
				INFOPLIST_FILE = Waterminder/Info.plist;
				INFOPLIST_KEY_NSCameraUsageDescription = "Be able to take photos of Your beautiful plant!";
				INFOPLIST_KEY_NSPhotoLibraryUsageDescription = "Be able to pick photo of Your beautiful plant!";
				INFOPLIST_KEY_UIApplicationSupportsIndirectInputEvents = YES;
				INFOPLIST_KEY_UILaunchStoryboardName = LaunchScreen;
				INFOPLIST_KEY_UISupportedInterfaceOrientations_iPad = "UIInterfaceOrientationPortrait UIInterfaceOrientationPortraitUpsideDown UIInterfaceOrientationLandscapeLeft UIInterfaceOrientationLandscapeRight";
				INFOPLIST_KEY_UISupportedInterfaceOrientations_iPhone = "UIInterfaceOrientationPortrait UIInterfaceOrientationLandscapeLeft UIInterfaceOrientationLandscapeRight";
				IPHONEOS_DEPLOYMENT_TARGET = 14.0;
				LD_RUNPATH_SEARCH_PATHS = (
					"$(inherited)",
					"@executable_path/Frameworks",
				);
				MARKETING_VERSION = 1.0;
				PRODUCT_BUNDLE_IDENTIFIER = com.ogrodowskitomasz.Waterminder;
				PRODUCT_NAME = "$(TARGET_NAME)";
				SWIFT_EMIT_LOC_STRINGS = YES;
				SWIFT_VERSION = 5.0;
				TARGETED_DEVICE_FAMILY = "1,2";
			};
			name = Debug;
		};
		1E5A3B11299165B300E4A750 /* Release */ = {
			isa = XCBuildConfiguration;
			buildSettings = {
				ASSETCATALOG_COMPILER_APPICON_NAME = AppIcon;
				ASSETCATALOG_COMPILER_GLOBAL_ACCENT_COLOR_NAME = AccentColor;
				CODE_SIGN_STYLE = Automatic;
				CURRENT_PROJECT_VERSION = 1;
				DEVELOPMENT_TEAM = FU45F4SL37;
				GENERATE_INFOPLIST_FILE = YES;
				INFOPLIST_FILE = Waterminder/Info.plist;
				INFOPLIST_KEY_NSCameraUsageDescription = "Be able to take photos of Your beautiful plant!";
				INFOPLIST_KEY_NSPhotoLibraryUsageDescription = "Be able to pick photo of Your beautiful plant!";
				INFOPLIST_KEY_UIApplicationSupportsIndirectInputEvents = YES;
				INFOPLIST_KEY_UILaunchStoryboardName = LaunchScreen;
				INFOPLIST_KEY_UISupportedInterfaceOrientations_iPad = "UIInterfaceOrientationPortrait UIInterfaceOrientationPortraitUpsideDown UIInterfaceOrientationLandscapeLeft UIInterfaceOrientationLandscapeRight";
				INFOPLIST_KEY_UISupportedInterfaceOrientations_iPhone = "UIInterfaceOrientationPortrait UIInterfaceOrientationLandscapeLeft UIInterfaceOrientationLandscapeRight";
				IPHONEOS_DEPLOYMENT_TARGET = 14.0;
				LD_RUNPATH_SEARCH_PATHS = (
					"$(inherited)",
					"@executable_path/Frameworks",
				);
				MARKETING_VERSION = 1.0;
				PRODUCT_BUNDLE_IDENTIFIER = com.ogrodowskitomasz.Waterminder;
				PRODUCT_NAME = "$(TARGET_NAME)";
				SWIFT_EMIT_LOC_STRINGS = YES;
				SWIFT_VERSION = 5.0;
				TARGETED_DEVICE_FAMILY = "1,2";
			};
			name = Release;
		};
/* End XCBuildConfiguration section */

/* Begin XCConfigurationList section */
		1E0B5CB82993B450009BE44B /* Build configuration list for PBXNativeTarget "WaterminderTests" */ = {
			isa = XCConfigurationList;
			buildConfigurations = (
				1E0B5CB92993B450009BE44B /* Debug */,
				1E0B5CBA2993B450009BE44B /* Release */,
			);
			defaultConfigurationIsVisible = 0;
			defaultConfigurationName = Release;
		};
		1E5A3AF6299165B200E4A750 /* Build configuration list for PBXProject "Waterminder" */ = {
			isa = XCConfigurationList;
			buildConfigurations = (
				1E5A3B0D299165B300E4A750 /* Debug */,
				1E5A3B0E299165B300E4A750 /* Release */,
			);
			defaultConfigurationIsVisible = 0;
			defaultConfigurationName = Release;
		};
		1E5A3B0F299165B300E4A750 /* Build configuration list for PBXNativeTarget "Waterminder" */ = {
			isa = XCConfigurationList;
			buildConfigurations = (
				1E5A3B10299165B300E4A750 /* Debug */,
				1E5A3B11299165B300E4A750 /* Release */,
			);
			defaultConfigurationIsVisible = 0;
			defaultConfigurationName = Release;
		};
/* End XCConfigurationList section */

/* Begin XCVersionGroup section */
		1E7E7ACD2991A2F9004E7167 /* PlantContainer.xcdatamodeld */ = {
			isa = XCVersionGroup;
			children = (
				1E7E7ACE2991A2F9004E7167 /* PlantContainer.xcdatamodel */,
			);
			currentVersion = 1E7E7ACE2991A2F9004E7167 /* PlantContainer.xcdatamodel */;
			path = PlantContainer.xcdatamodeld;
			sourceTree = "<group>";
			versionGroupType = wrapper.xcdatamodel;
		};
/* End XCVersionGroup section */
	};
	rootObject = 1E5A3AF3299165B200E4A750 /* Project object */;
}
